
Microsoft Visual Studio Solution File, Format Version 12.00
# Visual Studio Version 17
VisualStudioVersion = 17.0.32112.339
MinimumVisualStudioVersion = 10.0.40219.1
Project("{9A19103F-16F7-4668-BE54-9A1E7A4F7556}") = "Api", "src\Gamee\Api.csproj", "{1A3161AD-CC05-4E0F-B748-54260B99222B}"
EndProject
Project("{9A19103F-16F7-4668-BE54-9A1E7A4F7556}") = "Domain", "src\Domain\Domain.csproj", "{64B14DB9-8064-4833-9264-9762325CF41D}"
EndProject
Project("{9A19103F-16F7-4668-BE54-9A1E7A4F7556}") = "Infra.Data", "src\Infra.Data\Infra.Data.csproj", "{EDB8D9C3-0435-4B36-9674-4D2D3899BF55}"
EndProject
Project("{9A19103F-16F7-4668-BE54-9A1E7A4F7556}") = "Infra.IoC", "src\Infra.IoC\Infra.IoC.csproj", "{57DA47E3-2C46-4B0F-996E-E737B920BC37}"
EndProject
Project("{9A19103F-16F7-4668-BE54-9A1E7A4F7556}") = "Application", "src\Application\Application.csproj", "{641DF295-EC4C-41AE-8795-74792848F914}"
EndProject
Project("{2150E333-8FDC-42A3-9474-1A3956D46DE8}") = "Solution Items", "Solution Items", "{A69A3795-B7CD-43A3-8A37-5283BFEADCFA}"
	ProjectSection(SolutionItems) = preProject
		.editorconfig = .editorconfig
	EndProjectSection
EndProject
Project("{2150E333-8FDC-42A3-9474-1A3956D46DE8}") = "src", "src", "{255A54F4-1979-4F9D-A457-DACE02129E7D}"
EndProject
Project("{9A19103F-16F7-4668-BE54-9A1E7A4F7556}") = "Infra.UoW", "src\Infra.UoW\Infra.UoW.csproj", "{3D1FD63C-AAEE-4CCE-9F64-65F1AB713F3D}"
EndProject
Project("{E53339B2-1760-4266-BCC7-CA923CBCF16C}") = "docker-compose", "docker-compose.dcproj", "{C5158975-11B2-408F-BE68-D0A26C0D4CE7}"
EndProject
Global
	GlobalSection(SolutionConfigurationPlatforms) = preSolution
		Debug|Any CPU = Debug|Any CPU
		Release|Any CPU = Release|Any CPU
	EndGlobalSection
	GlobalSection(ProjectConfigurationPlatforms) = postSolution
		{1A3161AD-CC05-4E0F-B748-54260B99222B}.Debug|Any CPU.ActiveCfg = Debug|Any CPU
		{1A3161AD-CC05-4E0F-B748-54260B99222B}.Debug|Any CPU.Build.0 = Debug|Any CPU
		{1A3161AD-CC05-4E0F-B748-54260B99222B}.Release|Any CPU.ActiveCfg = Release|Any CPU
		{1A3161AD-CC05-4E0F-B748-54260B99222B}.Release|Any CPU.Build.0 = Release|Any CPU
		{64B14DB9-8064-4833-9264-9762325CF41D}.Debug|Any CPU.ActiveCfg = Debug|Any CPU
		{64B14DB9-8064-4833-9264-9762325CF41D}.Debug|Any CPU.Build.0 = Debug|Any CPU
		{64B14DB9-8064-4833-9264-9762325CF41D}.Release|Any CPU.ActiveCfg = Release|Any CPU
		{64B14DB9-8064-4833-9264-9762325CF41D}.Release|Any CPU.Build.0 = Release|Any CPU
		{EDB8D9C3-0435-4B36-9674-4D2D3899BF55}.Debug|Any CPU.ActiveCfg = Debug|Any CPU
		{EDB8D9C3-0435-4B36-9674-4D2D3899BF55}.Debug|Any CPU.Build.0 = Debug|Any CPU
		{EDB8D9C3-0435-4B36-9674-4D2D3899BF55}.Release|Any CPU.ActiveCfg = Release|Any CPU
		{EDB8D9C3-0435-4B36-9674-4D2D3899BF55}.Release|Any CPU.Build.0 = Release|Any CPU
		{57DA47E3-2C46-4B0F-996E-E737B920BC37}.Debug|Any CPU.ActiveCfg = Debug|Any CPU
		{57DA47E3-2C46-4B0F-996E-E737B920BC37}.Debug|Any CPU.Build.0 = Debug|Any CPU
		{57DA47E3-2C46-4B0F-996E-E737B920BC37}.Release|Any CPU.ActiveCfg = Release|Any CPU
		{57DA47E3-2C46-4B0F-996E-E737B920BC37}.Release|Any CPU.Build.0 = Release|Any CPU
		{641DF295-EC4C-41AE-8795-74792848F914}.Debug|Any CPU.ActiveCfg = Debug|Any CPU
		{641DF295-EC4C-41AE-8795-74792848F914}.Debug|Any CPU.Build.0 = Debug|Any CPU
		{641DF295-EC4C-41AE-8795-74792848F914}.Release|Any CPU.ActiveCfg = Release|Any CPU
		{641DF295-EC4C-41AE-8795-74792848F914}.Release|Any CPU.Build.0 = Release|Any CPU
		{3D1FD63C-AAEE-4CCE-9F64-65F1AB713F3D}.Debug|Any CPU.ActiveCfg = Debug|Any CPU
		{3D1FD63C-AAEE-4CCE-9F64-65F1AB713F3D}.Debug|Any CPU.Build.0 = Debug|Any CPU
		{3D1FD63C-AAEE-4CCE-9F64-65F1AB713F3D}.Release|Any CPU.ActiveCfg = Release|Any CPU
		{3D1FD63C-AAEE-4CCE-9F64-65F1AB713F3D}.Release|Any CPU.Build.0 = Release|Any CPU
		{C5158975-11B2-408F-BE68-D0A26C0D4CE7}.Debug|Any CPU.ActiveCfg = Debug|Any CPU
		{C5158975-11B2-408F-BE68-D0A26C0D4CE7}.Debug|Any CPU.Build.0 = Debug|Any CPU
		{C5158975-11B2-408F-BE68-D0A26C0D4CE7}.Release|Any CPU.ActiveCfg = Release|Any CPU
		{C5158975-11B2-408F-BE68-D0A26C0D4CE7}.Release|Any CPU.Build.0 = Release|Any CPU
	EndGlobalSection
	GlobalSection(SolutionProperties) = preSolution
		HideSolutionNode = FALSE
	EndGlobalSection
	GlobalSection(NestedProjects) = preSolution
		{1A3161AD-CC05-4E0F-B748-54260B99222B} = {255A54F4-1979-4F9D-A457-DACE02129E7D}
		{64B14DB9-8064-4833-9264-9762325CF41D} = {255A54F4-1979-4F9D-A457-DACE02129E7D}
		{EDB8D9C3-0435-4B36-9674-4D2D3899BF55} = {255A54F4-1979-4F9D-A457-DACE02129E7D}
		{57DA47E3-2C46-4B0F-996E-E737B920BC37} = {255A54F4-1979-4F9D-A457-DACE02129E7D}
		{641DF295-EC4C-41AE-8795-74792848F914} = {255A54F4-1979-4F9D-A457-DACE02129E7D}
		{3D1FD63C-AAEE-4CCE-9F64-65F1AB713F3D} = {255A54F4-1979-4F9D-A457-DACE02129E7D}
	EndGlobalSection
	GlobalSection(ExtensibilityGlobals) = postSolution
		SolutionGuid = {6D548CA7-116F-4385-B59A-D06E7E973D0A}
	EndGlobalSection
EndGlobal
